
Microsoft Visual Studio Solution File, Format Version 12.00
# Visual Studio Version 16
VisualStudioVersion = 16.0.30225.117
MinimumVisualStudioVersion = 10.0.40219.1
Project("{9A19103F-16F7-4668-BE54-9A1E7A4F7556}") = "RayTracing", "RayTracing\RayTracing.csproj", "{B03F6FF7-422C-404B-A7B9-7BB0E92D73C7}"
EndProject
Global
	GlobalSection(SolutionConfigurationPlatforms) = preSolution
		Debug|Any CPU = Debug|Any CPU
		Debug|x64 = Debug|x64
		Release|Any CPU = Release|Any CPU
		Release|x64 = Release|x64
	EndGlobalSection
	GlobalSection(ProjectConfigurationPlatforms) = postSolution
		{B03F6FF7-422C-404B-A7B9-7BB0E92D73C7}.Debug|Any CPU.ActiveCfg = Debug|Any CPU
		{B03F6FF7-422C-404B-A7B9-7BB0E92D73C7}.Debug|Any CPU.Build.0 = Debug|Any CPU
		{B03F6FF7-422C-404B-A7B9-7BB0E92D73C7}.Debug|x64.ActiveCfg = Debug|x64
		{B03F6FF7-422C-404B-A7B9-7BB0E92D73C7}.Debug|x64.Build.0 = Debug|x64
		{B03F6FF7-422C-404B-A7B9-7BB0E92D73C7}.Release|Any CPU.ActiveCfg = Release|Any CPU
		{B03F6FF7-422C-404B-A7B9-7BB0E92D73C7}.Release|Any CPU.Build.0 = Release|Any CPU
		{B03F6FF7-422C-404B-A7B9-7BB0E92D73C7}.Release|x64.ActiveCfg = Release|x64
		{B03F6FF7-422C-404B-A7B9-7BB0E92D73C7}.Release|x64.Build.0 = Release|x64
	EndGlobalSection
	GlobalSection(SolutionProperties) = preSolution
		HideSolutionNode = FALSE
	EndGlobalSection
	GlobalSection(ExtensibilityGlobals) = postSolution
		SolutionGuid = {3FF8159A-2D41-4DD8-94FB-85E134DB05F9}
	EndGlobalSection
EndGlobal
